Microsoft Visual Studio Solution File, Format Version 12.00
# Visual Studio Version 17
VisualStudioVersion = 17.5.2.0
MinimumVisualStudioVersion = 10.0.40219.1
Project("{FAE04EC0-301F-11D3-BF4B-00C04F79EFBC}") = "confima-o-de-senha-", "confima-o-de-senha-.csproj", "{590AF007-251C-C8DF-0314-460CE9B7CE5E}"
EndProject
Global
	GlobalSection(SolutionConfigurationPlatforms) = preSolution
		Debug|Any CPU = Debug|Any CPU
		Release|Any CPU = Release|Any CPU
	EndGlobalSection
	GlobalSection(ProjectConfigurationPlatforms) = postSolution
		{590AF007-251C-C8DF-0314-460CE9B7CE5E}.Debug|Any CPU.ActiveCfg = Debug|Any CPU
		{590AF007-251C-C8DF-0314-460CE9B7CE5E}.Debug|Any CPU.Build.0 = Debug|Any CPU
		{590AF007-251C-C8DF-0314-460CE9B7CE5E}.Release|Any CPU.ActiveCfg = Release|Any CPU
		{590AF007-251C-C8DF-0314-460CE9B7CE5E}.Release|Any CPU.Build.0 = Release|Any CPU
	EndGlobalSection
	GlobalSection(SolutionProperties) = preSolution
		HideSolutionNode = FALSE
	EndGlobalSection
	GlobalSection(ExtensibilityGlobals) = postSolution
		SolutionGuid = {CB9A95DE-EBA0-4CF3-A0CA-BACDAEA39EDD}
	EndGlobalSection
EndGlobal
